
Microsoft Visual Studio Solution File, Format Version 12.00
# Visual Studio 14
VisualStudioVersion = 14.0.25420.1
MinimumVisualStudioVersion = 10.0.40219.1
Project("{FAE04EC0-301F-11D3-BF4B-00C04F79EFBC}") = "alloy", "alloy\alloy.csproj", "{C98857BD-A851-4CBA-94D6-A912A2402E86}"
EndProject
Project("{FAE04EC0-301F-11D3-BF4B-00C04F79EFBC}") = "Alloy.Import", "Alloy.Import\Alloy.Import.csproj", "{55A891F7-5AC7-4836-B238-3AF36DC0B663}"
EndProject
Global
	GlobalSection(SolutionConfigurationPlatforms) = preSolution
		Debug|Any CPU = Debug|Any CPU
		Release|Any CPU = Release|Any CPU
	EndGlobalSection
	GlobalSection(ProjectConfigurationPlatforms) = postSolution
		{C98857BD-A851-4CBA-94D6-A912A2402E86}.Debug|Any CPU.ActiveCfg = Debug|Any CPU
		{C98857BD-A851-4CBA-94D6-A912A2402E86}.Debug|Any CPU.Build.0 = Debug|Any CPU
		{C98857BD-A851-4CBA-94D6-A912A2402E86}.Release|Any CPU.ActiveCfg = Release|Any CPU
		{C98857BD-A851-4CBA-94D6-A912A2402E86}.Release|Any CPU.Build.0 = Release|Any CPU
		{55A891F7-5AC7-4836-B238-3AF36DC0B663}.Debug|Any CPU.ActiveCfg = Debug|Any CPU
		{55A891F7-5AC7-4836-B238-3AF36DC0B663}.Debug|Any CPU.Build.0 = Debug|Any CPU
		{55A891F7-5AC7-4836-B238-3AF36DC0B663}.Release|Any CPU.ActiveCfg = Release|Any CPU
		{55A891F7-5AC7-4836-B238-3AF36DC0B663}.Release|Any CPU.Build.0 = Release|Any CPU
	EndGlobalSection
	GlobalSection(SolutionProperties) = preSolution
		HideSolutionNode = FALSE
	EndGlobalSection
EndGlobal
